
Microsoft Visual Studio Solution File, Format Version 12.00
# Visual Studio Version 17
VisualStudioVersion = 17.9.34728.123
MinimumVisualStudioVersion = 10.0.40219.1
Project("{FAE04EC0-301F-11D3-BF4B-00C04F79EFBC}") = "CS303 - 05132024", "CS303 - 05132024\CS303 - 05132024.csproj", "{FD74F5AC-4358-4DCC-AE38-5733F8118E84}"
EndProject
Global
	GlobalSection(SolutionConfigurationPlatforms) = preSolution
		Debug|Any CPU = Debug|Any CPU
		Release|Any CPU = Release|Any CPU
	EndGlobalSection
	GlobalSection(ProjectConfigurationPlatforms) = postSolution
		{FD74F5AC-4358-4DCC-AE38-5733F8118E84}.Debug|Any CPU.ActiveCfg = Debug|Any CPU
		{FD74F5AC-4358-4DCC-AE38-5733F8118E84}.Debug|Any CPU.Build.0 = Debug|Any CPU
		{FD74F5AC-4358-4DCC-AE38-5733F8118E84}.Release|Any CPU.ActiveCfg = Release|Any CPU
		{FD74F5AC-4358-4DCC-AE38-5733F8118E84}.Release|Any CPU.Build.0 = Release|Any CPU
	EndGlobalSection
	GlobalSection(SolutionProperties) = preSolution
		HideSolutionNode = FALSE
	EndGlobalSection
	GlobalSection(ExtensibilityGlobals) = postSolution
		SolutionGuid = {A5802682-731F-4291-B19A-415249A97CA7}
	EndGlobalSection
EndGlobal
