
Microsoft Visual Studio Solution File, Format Version 12.00
# Visual Studio Version 17
VisualStudioVersion = 17.10.34902.84
MinimumVisualStudioVersion = 10.0.40219.1
Project("{FAE04EC0-301F-11D3-BF4B-00C04F79EFBC}") = "CS303-05222024", "CS303-05222024\CS303-05222024.csproj", "{875E09DD-8531-4206-8D08-7968B1FFB816}"
EndProject
Global
	GlobalSection(SolutionConfigurationPlatforms) = preSolution
		Debug|Any CPU = Debug|Any CPU
		Release|Any CPU = Release|Any CPU
	EndGlobalSection
	GlobalSection(ProjectConfigurationPlatforms) = postSolution
		{875E09DD-8531-4206-8D08-7968B1FFB816}.Debug|Any CPU.ActiveCfg = Debug|Any CPU
		{875E09DD-8531-4206-8D08-7968B1FFB816}.Debug|Any CPU.Build.0 = Debug|Any CPU
		{875E09DD-8531-4206-8D08-7968B1FFB816}.Release|Any CPU.ActiveCfg = Release|Any CPU
		{875E09DD-8531-4206-8D08-7968B1FFB816}.Release|Any CPU.Build.0 = Release|Any CPU
	EndGlobalSection
	GlobalSection(SolutionProperties) = preSolution
		HideSolutionNode = FALSE
	EndGlobalSection
	GlobalSection(ExtensibilityGlobals) = postSolution
		SolutionGuid = {F147C0E2-382A-404E-8E38-0EB3FA1844F8}
	EndGlobalSection
EndGlobal
